<?xml version="1.0" encoding="utf-8"?>
<Project ToolsVersion="4.0" xmlns="http://schemas.microsoft.com/developer/msbuild/2003">
  <ItemGroup>
    <Filter Include="Source Files">
      <UniqueIdentifier>{4FC737F1-C7A5-4376-A066-2A32D752A2FF}</UniqueIdentifier>
      <Extensions>cpp;c;cc;cxx;def;odl;idl;hpj;bat;asm;asmx</Extensions>
    </Filter>
    <Filter Include="Resource Files">
      <UniqueIdentifier>{67DA6AB6-F800-4c08-8B7A-83BB121AAD01}</UniqueIdentifier>
      <Extensions>rc;ico;cur;bmp;dlg;rc2;rct;bin;rgs;gif;jpg;jpeg;jpe;resx;tiff;tif;png;wav;mfcribbon-ms</Extensions>
    </Filter>
    <Filter Include="include">
      <UniqueIdentifier>{e350e65f-e13d-4404-bb04-c48c7e6c3cd2}</UniqueIdentifier>
    </Filter>
    <Filter Include="include\capi">
      <UniqueIdentifier>{a155a558-035b-4b58-ba7a-afd9d0726c00}</UniqueIdentifier>
    </Filter>
    <Filter Include="include\internal">
      <UniqueIdentifier>{886a4daf-3b48-40b3-b55b-057c22893fbe}</UniqueIdentifier>
    </Filter>
  </ItemGroup>
  <ItemGroup>
    <Text Include="ReadMe.txt" />
  </ItemGroup>
  <ItemGroup>
    <ClInclude Include="include\capi\cef_app_capi.h">
      <Filter>include\capi</Filter>
    </ClInclude>
    <ClInclude Include="include\capi\cef_auth_callback_capi.h">
      <Filter>include\capi</Filter>
    </ClInclude>
    <ClInclude Include="include\capi\cef_base_capi.h">
      <Filter>include\capi</Filter>
    </ClInclude>
    <ClInclude Include="include\capi\cef_browser_capi.h">
      <Filter>include\capi</Filter>
    </ClInclude>
    <ClInclude Include="include\capi\cef_browser_process_handler_capi.h">
      <Filter>include\capi</Filter>
    </ClInclude>
    <ClInclude Include="include\capi\cef_callback_capi.h">
      <Filter>include\capi</Filter>
    </ClInclude>
    <ClInclude Include="include\capi\cef_client_capi.h">
      <Filter>include\capi</Filter>
    </ClInclude>
    <ClInclude Include="include\capi\cef_command_line_capi.h">
      <Filter>include\capi</Filter>
    </ClInclude>
    <ClInclude Include="include\capi\cef_context_menu_handler_capi.h">
      <Filter>include\capi</Filter>
    </ClInclude>
    <ClInclude Include="include\capi\cef_cookie_capi.h">
      <Filter>include\capi</Filter>
    </ClInclude>
    <ClInclude Include="include\capi\cef_dialog_handler_capi.h">
      <Filter>include\capi</Filter>
    </ClInclude>
    <ClInclude Include="include\capi\cef_display_handler_capi.h">
      <Filter>include\capi</Filter>
    </ClInclude>
    <ClInclude Include="include\capi\cef_dom_capi.h">
      <Filter>include\capi</Filter>
    </ClInclude>
    <ClInclude Include="include\capi\cef_download_handler_capi.h">
      <Filter>include\capi</Filter>
    </ClInclude>
    <ClInclude Include="include\capi\cef_download_item_capi.h">
      <Filter>include\capi</Filter>
    </ClInclude>
    <ClInclude Include="include\capi\cef_drag_data_capi.h">
      <Filter>include\capi</Filter>
    </ClInclude>
    <ClInclude Include="include\capi\cef_drag_handler_capi.h">
      <Filter>include\capi</Filter>
    </ClInclude>
    <ClInclude Include="include\capi\cef_focus_handler_capi.h">
      <Filter>include\capi</Filter>
    </ClInclude>
    <ClInclude Include="include\capi\cef_frame_capi.h">
      <Filter>include\capi</Filter>
    </ClInclude>
    <ClInclude Include="include\capi\cef_geolocation_capi.h">
      <Filter>include\capi</Filter>
    </ClInclude>
    <ClInclude Include="include\capi\cef_geolocation_handler_capi.h">
      <Filter>include\capi</Filter>
    </ClInclude>
    <ClInclude Include="include\capi\cef_jsdialog_handler_capi.h">
      <Filter>include\capi</Filter>
    </ClInclude>
    <ClInclude Include="include\capi\cef_keyboard_handler_capi.h">
      <Filter>include\capi</Filter>
    </ClInclude>
    <ClInclude Include="include\capi\cef_life_span_handler_capi.h">
      <Filter>include\capi</Filter>
    </ClInclude>
    <ClInclude Include="include\capi\cef_load_handler_capi.h">
      <Filter>include\capi</Filter>
    </ClInclude>
    <ClInclude Include="include\capi\cef_menu_model_capi.h">
      <Filter>include\capi</Filter>
    </ClInclude>
    <ClInclude Include="include\capi\cef_origin_whitelist_capi.h">
      <Filter>include\capi</Filter>
    </ClInclude>
    <ClInclude Include="include\capi\cef_path_util_capi.h">
      <Filter>include\capi</Filter>
    </ClInclude>
    <ClInclude Include="include\capi\cef_process_message_capi.h">
      <Filter>include\capi</Filter>
    </ClInclude>
    <ClInclude Include="include\capi\cef_process_util_capi.h">
      <Filter>include\capi</Filter>
    </ClInclude>
    <ClInclude Include="include\capi\cef_render_handler_capi.h">
      <Filter>include\capi</Filter>
    </ClInclude>
    <ClInclude Include="include\capi\cef_render_process_handler_capi.h">
      <Filter>include\capi</Filter>
    </ClInclude>
    <ClInclude Include="include\capi\cef_request_capi.h">
      <Filter>include\capi</Filter>
    </ClInclude>
    <ClInclude Include="include\capi\cef_request_context_capi.h">
      <Filter>include\capi</Filter>
    </ClInclude>
    <ClInclude Include="include\capi\cef_request_context_handler_capi.h">
      <Filter>include\capi</Filter>
    </ClInclude>
    <ClInclude Include="include\capi\cef_request_handler_capi.h">
      <Filter>include\capi</Filter>
    </ClInclude>
    <ClInclude Include="include\capi\cef_resource_bundle_handler_capi.h">
      <Filter>include\capi</Filter>
    </ClInclude>
    <ClInclude Include="include\capi\cef_resource_handler_capi.h">
      <Filter>include\capi</Filter>
    </ClInclude>
    <ClInclude Include="include\capi\cef_response_capi.h">
      <Filter>include\capi</Filter>
    </ClInclude>
    <ClInclude Include="include\capi\cef_scheme_capi.h">
      <Filter>include\capi</Filter>
    </ClInclude>
    <ClInclude Include="include\capi\cef_stream_capi.h">
      <Filter>include\capi</Filter>
    </ClInclude>
    <ClInclude Include="include\capi\cef_string_visitor_capi.h">
      <Filter>include\capi</Filter>
    </ClInclude>
    <ClInclude Include="include\capi\cef_task_capi.h">
      <Filter>include\capi</Filter>
    </ClInclude>
    <ClInclude Include="include\capi\cef_trace_capi.h">
      <Filter>include\capi</Filter>
    </ClInclude>
    <ClInclude Include="include\capi\cef_url_capi.h">
      <Filter>include\capi</Filter>
    </ClInclude>
    <ClInclude Include="include\capi\cef_urlrequest_capi.h">
      <Filter>include\capi</Filter>
    </ClInclude>
    <ClInclude Include="include\capi\cef_v8_capi.h">
      <Filter>include\capi</Filter>
    </ClInclude>
    <ClInclude Include="include\capi\cef_values_capi.h">
      <Filter>include\capi</Filter>
    </ClInclude>
    <ClInclude Include="include\capi\cef_web_plugin_capi.h">
      <Filter>include\capi</Filter>
    </ClInclude>
    <ClInclude Include="include\capi\cef_xml_reader_capi.h">
      <Filter>include\capi</Filter>
    </ClInclude>
    <ClInclude Include="include\capi\cef_zip_reader_capi.h">
      <Filter>include\capi</Filter>
    </ClInclude>
    <ClInclude Include="include\internal\cef_build.h">
      <Filter>include\internal</Filter>
    </ClInclude>
    <ClInclude Include="include\internal\cef_export.h">
      <Filter>include\internal</Filter>
    </ClInclude>
    <ClInclude Include="include\internal\cef_linux.h">
      <Filter>include\internal</Filter>
    </ClInclude>
    <ClInclude Include="include\internal\cef_mac.h">
      <Filter>include\internal</Filter>
    </ClInclude>
    <ClInclude Include="include\internal\cef_ptr.h">
      <Filter>include\internal</Filter>
    </ClInclude>
    <ClInclude Include="include\internal\cef_string.h">
      <Filter>include\internal</Filter>
    </ClInclude>
    <ClInclude Include="include\internal\cef_string_list.h">
      <Filter>include\internal</Filter>
    </ClInclude>
    <ClInclude Include="include\internal\cef_string_map.h">
      <Filter>include\internal</Filter>
    </ClInclude>
    <ClInclude Include="include\internal\cef_string_multimap.h">
      <Filter>include\internal</Filter>
    </ClInclude>
    <ClInclude Include="include\internal\cef_string_types.h">
      <Filter>include\internal</Filter>
    </ClInclude>
    <ClInclude Include="include\internal\cef_string_wrappers.h">
      <Filter>include\internal</Filter>
    </ClInclude>
    <ClInclude Include="include\internal\cef_time.h">
      <Filter>include\internal</Filter>
    </ClInclude>
    <ClInclude Include="include\internal\cef_tuple.h">
      <Filter>include\internal</Filter>
    </ClInclude>
    <ClInclude Include="include\internal\cef_types.h">
      <Filter>include\internal</Filter>
    </ClInclude>
    <ClInclude Include="include\internal\cef_types_linux.h">
      <Filter>include\internal</Filter>
    </ClInclude>
    <ClInclude Include="include\internal\cef_types_mac.h">
      <Filter>include\internal</Filter>
    </ClInclude>
    <ClInclude Include="include\internal\cef_types_win.h">
      <Filter>include\internal</Filter>
    </ClInclude>
    <ClInclude Include="include\internal\cef_types_wrappers.h">
      <Filter>include\internal</Filter>
    </ClInclude>
    <ClInclude Include="include\internal\cef_win.h">
      <Filter>include\internal</Filter>
    </ClInclude>
    <ClInclude Include="cef_app.h">
      <Filter>Source Files</Filter>
    </ClInclude>
    <ClInclude Include="cef_base.h">
      <Filter>Source Files</Filter>
    </ClInclude>
    <ClInclude Include="cef_client.h">
      <Filter>Source Files</Filter>
    </ClInclude>
    <ClInclude Include="gtk.h">
      <Filter>Source Files</Filter>
    </ClInclude>
    <ClInclude Include="winapi.h">
      <Filter>Source Files</Filter>
    </ClInclude>
  </ItemGroup>
  <ItemGroup>
    <ClCompile Include="Sample_cef.c">
      <Filter>Source Files</Filter>
    </ClCompile>
  </ItemGroup>
</Project>